// !$*UTF8*$!
{
	archiveVersion = 1;
	classes = {
	};
	objectVersion = 50;
	objects = {

/* Begin PBXBuildFile section */
		57013E9022A5F28F007F21F8 /* AppDelegate.swift in Sources */ = {isa = PBXBuildFile; fileRef = 57013E8F22A5F28F007F21F8 /* AppDelegate.swift */; };
		57013E9222A5F28F007F21F8 /* ViewController.swift in Sources */ = {isa = PBXBuildFile; fileRef = 57013E9122A5F28F007F21F8 /* ViewController.swift */; };
		57013E9522A5F28F007F21F8 /* Main.storyboard in Resources */ = {isa = PBXBuildFile; fileRef = 57013E9322A5F28F007F21F8 /* Main.storyboard */; };
		57013E9722A5F28F007F21F8 /* Assets.xcassets in Resources */ = {isa = PBXBuildFile; fileRef = 57013E9622A5F28F007F21F8 /* Assets.xcassets */; };
		57013E9A22A5F28F007F21F8 /* LaunchScreen.storyboard in Resources */ = {isa = PBXBuildFile; fileRef = 57013E9822A5F28F007F21F8 /* LaunchScreen.storyboard */; };
		57013EA522A61AFC007F21F8 /* Calculator.swift in Sources */ = {isa = PBXBuildFile; fileRef = 57013EA422A61AFC007F21F8 /* Calculator.swift */; };
		575A5F4E22F53CFA00AC83C1 /* RoundButtons.swift in Sources */ = {isa = PBXBuildFile; fileRef = 575A5F4D22F53CFA00AC83C1 /* RoundButtons.swift */; };
		57B7D91122F6748000852399 /* SF-Compact-Text-Regular.otf in Resources */ = {isa = PBXBuildFile; fileRef = 57B7D90F22F6735D00852399 /* SF-Compact-Text-Regular.otf */; };
		57B7D91222F6748000852399 /* SF-Pro-Display-Heavy.otf in Resources */ = {isa = PBXBuildFile; fileRef = 57B7D90E22F6735D00852399 /* SF-Pro-Display-Heavy.otf */; };
		57B7D91322F6748000852399 /* SF-Pro-Display-Medium.otf in Resources */ = {isa = PBXBuildFile; fileRef = 57B7D90D22F6735C00852399 /* SF-Pro-Display-Medium.otf */; };
		57D5563F22F263A400127435 /* basic_calculator_uitests.swift in Sources */ = {isa = PBXBuildFile; fileRef = 57D5563E22F263A400127435 /* basic_calculator_uitests.swift */; };
		57D5564622F263B800127435 /* Main.storyboard in Resources */ = {isa = PBXBuildFile; fileRef = 57013E9322A5F28F007F21F8 /* Main.storyboard */; };
		57D5564E22F270A800127435 /* CalculatorTests.swift in Sources */ = {isa = PBXBuildFile; fileRef = 849051A822E8E76D00DE7797 /* CalculatorTests.swift */; };
		57DF919422E6774B00C8AD0B /* Calculator.swift in Sources */ = {isa = PBXBuildFile; fileRef = 57013EA422A61AFC007F21F8 /* Calculator.swift */; };
/* End PBXBuildFile section */

/* Begin PBXContainerItemProxy section */
		57421B7622E4133500A459D3 /* PBXContainerItemProxy */ = {
			isa = PBXContainerItemProxy;
			containerPortal = 57013E8422A5F28E007F21F8 /* Project object */;
			proxyType = 1;
			remoteGlobalIDString = 57013E8B22A5F28F007F21F8;
			remoteInfo = "basic-calculator";
		};
		57D5564122F263A400127435 /* PBXContainerItemProxy */ = {
			isa = PBXContainerItemProxy;
			containerPortal = 57013E8422A5F28E007F21F8 /* Project object */;
			proxyType = 1;
			remoteGlobalIDString = 57013E8B22A5F28F007F21F8;
			remoteInfo = "basic-calculator";
		};
/* End PBXContainerItemProxy section */

/* Begin PBXFileReference section */
		57013E8C22A5F28F007F21F8 /* basic-calculator.app */ = {isa = PBXFileReference; explicitFileType = wrapper.application; includeInIndex = 0; path = "basic-calculator.app"; sourceTree = BUILT_PRODUCTS_DIR; };
		57013E8F22A5F28F007F21F8 /* AppDelegate.swift */ = {isa = PBXFileReference; lastKnownFileType = sourcecode.swift; path = AppDelegate.swift; sourceTree = "<group>"; };
		57013E9122A5F28F007F21F8 /* ViewController.swift */ = {isa = PBXFileReference; lastKnownFileType = sourcecode.swift; path = ViewController.swift; sourceTree = "<group>"; };
		57013E9422A5F28F007F21F8 /* Base */ = {isa = PBXFileReference; lastKnownFileType = file.storyboard; name = Base; path = Base.lproj/Main.storyboard; sourceTree = "<group>"; };
		57013E9622A5F28F007F21F8 /* Assets.xcassets */ = {isa = PBXFileReference; lastKnownFileType = folder.assetcatalog; path = Assets.xcassets; sourceTree = "<group>"; };
		57013E9922A5F28F007F21F8 /* Base */ = {isa = PBXFileReference; lastKnownFileType = file.storyboard; name = Base; path = Base.lproj/LaunchScreen.storyboard; sourceTree = "<group>"; };
		57013E9B22A5F28F007F21F8 /* Info.plist */ = {isa = PBXFileReference; lastKnownFileType = text.plist.xml; path = Info.plist; sourceTree = "<group>"; };
		57013EA422A61AFC007F21F8 /* Calculator.swift */ = {isa = PBXFileReference; lastKnownFileType = sourcecode.swift; path = Calculator.swift; sourceTree = "<group>"; };
		57421B7122E4133500A459D3 /* basic-calculator-tests.xctest */ = {isa = PBXFileReference; explicitFileType = wrapper.cfbundle; includeInIndex = 0; path = "basic-calculator-tests.xctest"; sourceTree = BUILT_PRODUCTS_DIR; };
		57421B7522E4133500A459D3 /* Info.plist */ = {isa = PBXFileReference; lastKnownFileType = text.plist.xml; path = Info.plist; sourceTree = "<group>"; };
		575A5F4D22F53CFA00AC83C1 /* RoundButtons.swift */ = {isa = PBXFileReference; lastKnownFileType = sourcecode.swift; path = RoundButtons.swift; sourceTree = "<group>"; };
		57B7D90D22F6735C00852399 /* SF-Pro-Display-Medium.otf */ = {isa = PBXFileReference; lastKnownFileType = file; path = "SF-Pro-Display-Medium.otf"; sourceTree = "<group>"; };
		57B7D90E22F6735D00852399 /* SF-Pro-Display-Heavy.otf */ = {isa = PBXFileReference; lastKnownFileType = file; path = "SF-Pro-Display-Heavy.otf"; sourceTree = "<group>"; };
		57B7D90F22F6735D00852399 /* SF-Compact-Text-Regular.otf */ = {isa = PBXFileReference; lastKnownFileType = file; path = "SF-Compact-Text-Regular.otf"; sourceTree = "<group>"; };
		57D5563C22F263A300127435 /* basic-calculator-uitests.xctest */ = {isa = PBXFileReference; explicitFileType = wrapper.cfbundle; includeInIndex = 0; path = "basic-calculator-uitests.xctest"; sourceTree = BUILT_PRODUCTS_DIR; };
		57D5563E22F263A400127435 /* basic_calculator_uitests.swift */ = {isa = PBXFileReference; lastKnownFileType = sourcecode.swift; path = basic_calculator_uitests.swift; sourceTree = "<group>"; };
		57D5564022F263A400127435 /* Info.plist */ = {isa = PBXFileReference; lastKnownFileType = text.plist.xml; path = Info.plist; sourceTree = "<group>"; };
		849051A822E8E76D00DE7797 /* CalculatorTests.swift */ = {isa = PBXFileReference; lastKnownFileType = sourcecode.swift; path = CalculatorTests.swift; sourceTree = "<group>"; };
/* End PBXFileReference section */

/* Begin PBXFrameworksBuildPhase section */
		57013E8922A5F28F007F21F8 /* Frameworks */ = {
			isa = PBXFrameworksBuildPhase;
			buildActionMask = 2147483647;
			files = (
			);
			runOnlyForDeploymentPostprocessing = 0;
		};
		57421B6E22E4133500A459D3 /* Frameworks */ = {
			isa = PBXFrameworksBuildPhase;
			buildActionMask = 2147483647;
			files = (
			);
			runOnlyForDeploymentPostprocessing = 0;
		};
		57D5563922F263A300127435 /* Frameworks */ = {
			isa = PBXFrameworksBuildPhase;
			buildActionMask = 2147483647;
			files = (
			);
			runOnlyForDeploymentPostprocessing = 0;
		};
/* End PBXFrameworksBuildPhase section */

/* Begin PBXGroup section */
		57013E8322A5F28E007F21F8 = {
			isa = PBXGroup;
			children = (
				57013E8E22A5F28F007F21F8 /* basic-calculator */,
				57421B7222E4133500A459D3 /* basic-calculator-tests */,
				57D5563D22F263A400127435 /* basic-calculator-uitests */,
				57013E8D22A5F28F007F21F8 /* Products */,
			);
			sourceTree = "<group>";
		};
		57013E8D22A5F28F007F21F8 /* Products */ = {
			isa = PBXGroup;
			children = (
				57013E8C22A5F28F007F21F8 /* basic-calculator.app */,
				57421B7122E4133500A459D3 /* basic-calculator-tests.xctest */,
				57D5563C22F263A300127435 /* basic-calculator-uitests.xctest */,
			);
			name = Products;
			sourceTree = "<group>";
		};
		57013E8E22A5F28F007F21F8 /* basic-calculator */ = {
			isa = PBXGroup;
			children = (
				57013E8F22A5F28F007F21F8 /* AppDelegate.swift */,
				57013E9122A5F28F007F21F8 /* ViewController.swift */,
				57013E9322A5F28F007F21F8 /* Main.storyboard */,
				57013EA122A5F297007F21F8 /* Supporting Files */,
				57013EA422A61AFC007F21F8 /* Calculator.swift */,
			);
			path = "basic-calculator";
			sourceTree = "<group>";
		};
		57013EA122A5F297007F21F8 /* Supporting Files */ = {
			isa = PBXGroup;
			children = (
				57B7D90922F6733500852399 /* Fonts */,
				57013E9622A5F28F007F21F8 /* Assets.xcassets */,
				57013E9822A5F28F007F21F8 /* LaunchScreen.storyboard */,
				57013E9B22A5F28F007F21F8 /* Info.plist */,
				575A5F4D22F53CFA00AC83C1 /* RoundButtons.swift */,
			);
			path = "Supporting Files";
			sourceTree = "<group>";
		};
		57421B7222E4133500A459D3 /* basic-calculator-tests */ = {
			isa = PBXGroup;
			children = (
				57421B7522E4133500A459D3 /* Info.plist */,
				849051A822E8E76D00DE7797 /* CalculatorTests.swift */,
			);
			path = "basic-calculator-tests";
			sourceTree = "<group>";
		};
		57B7D90922F6733500852399 /* Fonts */ = {
			isa = PBXGroup;
			children = (
				57B7D90F22F6735D00852399 /* SF-Compact-Text-Regular.otf */,
				57B7D90E22F6735D00852399 /* SF-Pro-Display-Heavy.otf */,
				57B7D90D22F6735C00852399 /* SF-Pro-Display-Medium.otf */,
			);
			path = Fonts;
			sourceTree = "<group>";
		};
		57D5563D22F263A400127435 /* basic-calculator-uitests */ = {
			isa = PBXGroup;
			children = (
				57D5563E22F263A400127435 /* basic_calculator_uitests.swift */,
				57D5564022F263A400127435 /* Info.plist */,
			);
			path = "basic-calculator-uitests";
			sourceTree = "<group>";
		};
/* End PBXGroup section */

/* Begin PBXNativeTarget section */
		57013E8B22A5F28F007F21F8 /* basic-calculator */ = {
			isa = PBXNativeTarget;
			buildConfigurationList = 57013E9E22A5F28F007F21F8 /* Build configuration list for PBXNativeTarget "basic-calculator" */;
			buildPhases = (
				57013E8822A5F28F007F21F8 /* Sources */,
				57013E8922A5F28F007F21F8 /* Frameworks */,
				57013E8A22A5F28F007F21F8 /* Resources */,
			);
			buildRules = (
			);
			dependencies = (
			);
			name = "basic-calculator";
			productName = "basic-calculator";
			productReference = 57013E8C22A5F28F007F21F8 /* basic-calculator.app */;
			productType = "com.apple.product-type.application";
		};
		57421B7022E4133500A459D3 /* basic-calculator-tests */ = {
			isa = PBXNativeTarget;
			buildConfigurationList = 57421B7A22E4133500A459D3 /* Build configuration list for PBXNativeTarget "basic-calculator-tests" */;
			buildPhases = (
				57421B6D22E4133500A459D3 /* Sources */,
				57421B6E22E4133500A459D3 /* Frameworks */,
				57421B6F22E4133500A459D3 /* Resources */,
			);
			buildRules = (
			);
			dependencies = (
				57421B7722E4133500A459D3 /* PBXTargetDependency */,
			);
			name = "basic-calculator-tests";
			productName = "basic-calculator-tests";
			productReference = 57421B7122E4133500A459D3 /* basic-calculator-tests.xctest */;
			productType = "com.apple.product-type.bundle.unit-test";
		};
		57D5563B22F263A300127435 /* basic-calculator-uitests */ = {
			isa = PBXNativeTarget;
			buildConfigurationList = 57D5564322F263A400127435 /* Build configuration list for PBXNativeTarget "basic-calculator-uitests" */;
			buildPhases = (
				57D5563822F263A300127435 /* Sources */,
				57D5563922F263A300127435 /* Frameworks */,
				57D5563A22F263A300127435 /* Resources */,
			);
			buildRules = (
			);
			dependencies = (
				57D5564222F263A400127435 /* PBXTargetDependency */,
			);
			name = "basic-calculator-uitests";
			productName = "basic-calculator-uitests";
			productReference = 57D5563C22F263A300127435 /* basic-calculator-uitests.xctest */;
			productType = "com.apple.product-type.bundle.ui-testing";
		};
/* End PBXNativeTarget section */

/* Begin PBXProject section */
		57013E8422A5F28E007F21F8 /* Project object */ = {
			isa = PBXProject;
			attributes = {
				LastSwiftUpdateCheck = 1020;
				LastUpgradeCheck = 1020;
				ORGANIZATIONNAME = "Lareen Melo";
				TargetAttributes = {
					57013E8B22A5F28F007F21F8 = {
						CreatedOnToolsVersion = 10.2;
					};
					57421B7022E4133500A459D3 = {
						CreatedOnToolsVersion = 10.2.1;
						TestTargetID = 57013E8B22A5F28F007F21F8;
					};
					57D5563B22F263A300127435 = {
						CreatedOnToolsVersion = 10.2.1;
						TestTargetID = 57013E8B22A5F28F007F21F8;
					};
				};
			};
			buildConfigurationList = 57013E8722A5F28E007F21F8 /* Build configuration list for PBXProject "basic-calculator" */;
			compatibilityVersion = "Xcode 9.3";
			developmentRegion = en;
			hasScannedForEncodings = 0;
			knownRegions = (
				en,
				Base,
			);
			mainGroup = 57013E8322A5F28E007F21F8;
			productRefGroup = 57013E8D22A5F28F007F21F8 /* Products */;
			projectDirPath = "";
			projectRoot = "";
			targets = (
				57013E8B22A5F28F007F21F8 /* basic-calculator */,
				57421B7022E4133500A459D3 /* basic-calculator-tests */,
				57D5563B22F263A300127435 /* basic-calculator-uitests */,
			);
		};
/* End PBXProject section */

/* Begin PBXResourcesBuildPhase section */
		57013E8A22A5F28F007F21F8 /* Resources */ = {
			isa = PBXResourcesBuildPhase;
			buildActionMask = 2147483647;
			files = (
				57B7D91322F6748000852399 /* SF-Pro-Display-Medium.otf in Resources */,
				57B7D91122F6748000852399 /* SF-Compact-Text-Regular.otf in Resources */,
				57B7D91222F6748000852399 /* SF-Pro-Display-Heavy.otf in Resources */,
				57013E9A22A5F28F007F21F8 /* LaunchScreen.storyboard in Resources */,
				57013E9722A5F28F007F21F8 /* Assets.xcassets in Resources */,
				57013E9522A5F28F007F21F8 /* Main.storyboard in Resources */,
			);
			runOnlyForDeploymentPostprocessing = 0;
		};
		57421B6F22E4133500A459D3 /* Resources */ = {
			isa = PBXResourcesBuildPhase;
			buildActionMask = 2147483647;
			files = (
			);
			runOnlyForDeploymentPostprocessing = 0;
		};
		57D5563A22F263A300127435 /* Resources */ = {
			isa = PBXResourcesBuildPhase;
			buildActionMask = 2147483647;
			files = (
				57D5564622F263B800127435 /* Main.storyboard in Resources */,
			);
			runOnlyForDeploymentPostprocessing = 0;
		};
/* End PBXResourcesBuildPhase section */

/* Begin PBXSourcesBuildPhase section */
		57013E8822A5F28F007F21F8 /* Sources */ = {
			isa = PBXSourcesBuildPhase;
			buildActionMask = 2147483647;
			files = (
				575A5F4E22F53CFA00AC83C1 /* RoundButtons.swift in Sources */,
				57013E9222A5F28F007F21F8 /* ViewController.swift in Sources */,
				57013E9022A5F28F007F21F8 /* AppDelegate.swift in Sources */,
				57013EA522A61AFC007F21F8 /* Calculator.swift in Sources */,
			);
			runOnlyForDeploymentPostprocessing = 0;
		};
		57421B6D22E4133500A459D3 /* Sources */ = {
			isa = PBXSourcesBuildPhase;
			buildActionMask = 2147483647;
			files = (
				57DF919422E6774B00C8AD0B /* Calculator.swift in Sources */,
				57D5564E22F270A800127435 /* CalculatorTests.swift in Sources */,
			);
			runOnlyForDeploymentPostprocessing = 0;
		};
		57D5563822F263A300127435 /* Sources */ = {
			isa = PBXSourcesBuildPhase;
			buildActionMask = 2147483647;
			files = (
				57D5563F22F263A400127435 /* basic_calculator_uitests.swift in Sources */,
			);
			runOnlyForDeploymentPostprocessing = 0;
		};
/* End PBXSourcesBuildPhase section */

/* Begin PBXTargetDependency section */
		57421B7722E4133500A459D3 /* PBXTargetDependency */ = {
			isa = PBXTargetDependency;
			target = 57013E8B22A5F28F007F21F8 /* basic-calculator */;
			targetProxy = 57421B7622E4133500A459D3 /* PBXContainerItemProxy */;
		};
		57D5564222F263A400127435 /* PBXTargetDependency */ = {
			isa = PBXTargetDependency;
			target = 57013E8B22A5F28F007F21F8 /* basic-calculator */;
			targetProxy = 57D5564122F263A400127435 /* PBXContainerItemProxy */;
		};
/* End PBXTargetDependency section */

/* Begin PBXVariantGroup section */
		57013E9322A5F28F007F21F8 /* Main.storyboard */ = {
			isa = PBXVariantGroup;
			children = (
				57013E9422A5F28F007F21F8 /* Base */,
			);
			name = Main.storyboard;
			sourceTree = "<group>";
		};
		57013E9822A5F28F007F21F8 /* LaunchScreen.storyboard */ = {
			isa = PBXVariantGroup;
			children = (
				57013E9922A5F28F007F21F8 /* Base */,
			);
			name = LaunchScreen.storyboard;
			sourceTree = "<group>";
		};
/* End PBXVariantGroup section */

/* Begin XCBuildConfiguration section */
		57013E9C22A5F28F007F21F8 /* Debug */ = {
			isa = XCBuildConfiguration;
			buildSettings = {
				ALWAYS_SEARCH_USER_PATHS = NO;
				CLANG_ANALYZER_NONNULL = YES;
				CLANG_ANALYZER_NUMBER_OBJECT_CONVERSION = YES_AGGRESSIVE;
				CLANG_CXX_LANGUAGE_STANDARD = "gnu++14";
				CLANG_CXX_LIBRARY = "libc++";
				CLANG_ENABLE_MODULES = YES;
				CLANG_ENABLE_OBJC_ARC = YES;
				CLANG_ENABLE_OBJC_WEAK = YES;
				CLANG_WARN_BLOCK_CAPTURE_AUTORELEASING = YES;
				CLANG_WARN_BOOL_CONVERSION = YES;
				CLANG_WARN_COMMA = YES;
				CLANG_WARN_CONSTANT_CONVERSION = YES;
				CLANG_WARN_DEPRECATED_OBJC_IMPLEMENTATIONS = YES;
				CLANG_WARN_DIRECT_OBJC_ISA_USAGE = YES_ERROR;
				CLANG_WARN_DOCUMENTATION_COMMENTS = YES;
				CLANG_WARN_EMPTY_BODY = YES;
				CLANG_WARN_ENUM_CONVERSION = YES;
				CLANG_WARN_INFINITE_RECURSION = YES;
				CLANG_WARN_INT_CONVERSION = YES;
				CLANG_WARN_NON_LITERAL_NULL_CONVERSION = YES;
				CLANG_WARN_OBJC_IMPLICIT_RETAIN_SELF = YES;
				CLANG_WARN_OBJC_LITERAL_CONVERSION = YES;
				CLANG_WARN_OBJC_ROOT_CLASS = YES_ERROR;
				CLANG_WARN_RANGE_LOOP_ANALYSIS = YES;
				CLANG_WARN_STRICT_PROTOTYPES = YES;
				CLANG_WARN_SUSPICIOUS_MOVE = YES;
				CLANG_WARN_UNGUARDED_AVAILABILITY = YES_AGGRESSIVE;
				CLANG_WARN_UNREACHABLE_CODE = YES;
				CLANG_WARN__DUPLICATE_METHOD_MATCH = YES;
				CODE_SIGN_IDENTITY = "iPhone Developer";
				COPY_PHASE_STRIP = NO;
				DEBUG_INFORMATION_FORMAT = dwarf;
				ENABLE_STRICT_OBJC_MSGSEND = YES;
				ENABLE_TESTABILITY = YES;
				GCC_C_LANGUAGE_STANDARD = gnu11;
				GCC_DYNAMIC_NO_PIC = NO;
				GCC_NO_COMMON_BLOCKS = YES;
				GCC_OPTIMIZATION_LEVEL = 0;
				GCC_PREPROCESSOR_DEFINITIONS = (
					"DEBUG=1",
					"$(inherited)",
				);
				GCC_WARN_64_TO_32_BIT_CONVERSION = YES;
				GCC_WARN_ABOUT_RETURN_TYPE = YES_ERROR;
				GCC_WARN_UNDECLARED_SELECTOR = YES;
				GCC_WARN_UNINITIALIZED_AUTOS = YES_AGGRESSIVE;
				GCC_WARN_UNUSED_FUNCTION = YES;
				GCC_WARN_UNUSED_VARIABLE = YES;
				IPHONEOS_DEPLOYMENT_TARGET = 12.2;
				MTL_ENABLE_DEBUG_INFO = INCLUDE_SOURCE;
				MTL_FAST_MATH = YES;
				ONLY_ACTIVE_ARCH = YES;
				SDKROOT = iphoneos;
				SWIFT_ACTIVE_COMPILATION_CONDITIONS = DEBUG;
				SWIFT_OPTIMIZATION_LEVEL = "-Onone";
			};
			name = Debug;
		};
		57013E9D22A5F28F007F21F8 /* Release */ = {
			isa = XCBuildConfiguration;
			buildSettings = {
				ALWAYS_SEARCH_USER_PATHS = NO;
				CLANG_ANALYZER_NONNULL = YES;
				CLANG_ANALYZER_NUMBER_OBJECT_CONVERSION = YES_AGGRESSIVE;
				CLANG_CXX_LANGUAGE_STANDARD = "gnu++14";
				CLANG_CXX_LIBRARY = "libc++";
				CLANG_ENABLE_MODULES = YES;
				CLANG_ENABLE_OBJC_ARC = YES;
				CLANG_ENABLE_OBJC_WEAK = YES;
				CLANG_WARN_BLOCK_CAPTURE_AUTORELEASING = YES;
				CLANG_WARN_BOOL_CONVERSION = YES;
				CLANG_WARN_COMMA = YES;
				CLANG_WARN_CONSTANT_CONVERSION = YES;
				CLANG_WARN_DEPRECATED_OBJC_IMPLEMENTATIONS = YES;
				CLANG_WARN_DIRECT_OBJC_ISA_USAGE = YES_ERROR;
				CLANG_WARN_DOCUMENTATION_COMMENTS = YES;
				CLANG_WARN_EMPTY_BODY = YES;
				CLANG_WARN_ENUM_CONVERSION = YES;
				CLANG_WARN_INFINITE_RECURSION = YES;
				CLANG_WARN_INT_CONVERSION = YES;
				CLANG_WARN_NON_LITERAL_NULL_CONVERSION = YES;
				CLANG_WARN_OBJC_IMPLICIT_RETAIN_SELF = YES;
				CLANG_WARN_OBJC_LITERAL_CONVERSION = YES;
				CLANG_WARN_OBJC_ROOT_CLASS = YES_ERROR;
				CLANG_WARN_RANGE_LOOP_ANALYSIS = YES;
				CLANG_WARN_STRICT_PROTOTYPES = YES;
				CLANG_WARN_SUSPICIOUS_MOVE = YES;
				CLANG_WARN_UNGUARDED_AVAILABILITY = YES_AGGRESSIVE;
				CLANG_WARN_UNREACHABLE_CODE = YES;
				CLANG_WARN__DUPLICATE_METHOD_MATCH = YES;
				CODE_SIGN_IDENTITY = "iPhone Developer";
				COPY_PHASE_STRIP = NO;
				DEBUG_INFORMATION_FORMAT = "dwarf-with-dsym";
				ENABLE_NS_ASSERTIONS = NO;
				ENABLE_STRICT_OBJC_MSGSEND = YES;
				GCC_C_LANGUAGE_STANDARD = gnu11;
				GCC_NO_COMMON_BLOCKS = YES;
				GCC_WARN_64_TO_32_BIT_CONVERSION = YES;
				GCC_WARN_ABOUT_RETURN_TYPE = YES_ERROR;
				GCC_WARN_UNDECLARED_SELECTOR = YES;
				GCC_WARN_UNINITIALIZED_AUTOS = YES_AGGRESSIVE;
				GCC_WARN_UNUSED_FUNCTION = YES;
				GCC_WARN_UNUSED_VARIABLE = YES;
				IPHONEOS_DEPLOYMENT_TARGET = 12.2;
				MTL_ENABLE_DEBUG_INFO = NO;
				MTL_FAST_MATH = YES;
				SDKROOT = iphoneos;
				SWIFT_COMPILATION_MODE = wholemodule;
				SWIFT_OPTIMIZATION_LEVEL = "-O";
				VALIDATE_PRODUCT = YES;
			};
			name = Release;
		};
		57013E9F22A5F28F007F21F8 /* Debug */ = {
			isa = XCBuildConfiguration;
			buildSettings = {
				ASSETCATALOG_COMPILER_APPICON_NAME = AppIcon;
				CODE_SIGN_IDENTITY = "iPhone Developer";
				CODE_SIGN_STYLE = Automatic;
				DEVELOPMENT_TEAM = 53K75NW4TH;
				INFOPLIST_FILE = "$(SRCROOT)/basic-calculator/Supporting Files/Info.plist";
				LD_RUNPATH_SEARCH_PATHS = (
					"$(inherited)",
					"@executable_path/Frameworks",
				);
				PRODUCT_BUNDLE_IDENTIFIER = "zelo.basic-calculator";
				PRODUCT_NAME = "$(TARGET_NAME)";
				PROVISIONING_PROFILE_SPECIFIER = "";
				SWIFT_VERSION = 5.0;
				TARGETED_DEVICE_FAMILY = "1,2";
			};
			name = Debug;
		};
		57013EA022A5F28F007F21F8 /* Release */ = {
			isa = XCBuildConfiguration;
			buildSettings = {
				ASSETCATALOG_COMPILER_APPICON_NAME = AppIcon;
				CODE_SIGN_IDENTITY = "iPhone Developer";
				CODE_SIGN_STYLE = Automatic;
				DEVELOPMENT_TEAM = 53K75NW4TH;
				INFOPLIST_FILE = "$(SRCROOT)/basic-calculator/Supporting Files/Info.plist";
				LD_RUNPATH_SEARCH_PATHS = (
					"$(inherited)",
					"@executable_path/Frameworks",
				);
				PRODUCT_BUNDLE_IDENTIFIER = "zelo.basic-calculator";
				PRODUCT_NAME = "$(TARGET_NAME)";
				PROVISIONING_PROFILE_SPECIFIER = "";
				SWIFT_VERSION = 5.0;
				TARGETED_DEVICE_FAMILY = "1,2";
			};
			name = Release;
		};
		57421B7822E4133500A459D3 /* Debug */ = {
			isa = XCBuildConfiguration;
			buildSettings = {
				BUNDLE_LOADER = "$(TEST_HOST)";
				CODE_SIGN_STYLE = Automatic;
				DEVELOPMENT_TEAM = 53K75NW4TH;
				INFOPLIST_FILE = "basic-calculator-tests/Info.plist";
				LD_RUNPATH_SEARCH_PATHS = (
					"$(inherited)",
					"@executable_path/Frameworks",
					"@loader_path/Frameworks",
				);
				PRODUCT_BUNDLE_IDENTIFIER = "zelo.basic-calculator-tests";
				PRODUCT_NAME = "$(TARGET_NAME)";
				SWIFT_VERSION = 5.0;
				TARGETED_DEVICE_FAMILY = "1,2";
				TEST_HOST = "$(BUILT_PRODUCTS_DIR)/basic-calculator.app/basic-calculator";
			};
			name = Debug;
		};
		57421B7922E4133500A459D3 /* Release */ = {
			isa = XCBuildConfiguration;
			buildSettings = {
				BUNDLE_LOADER = "$(TEST_HOST)";
				CODE_SIGN_STYLE = Automatic;
				DEVELOPMENT_TEAM = 53K75NW4TH;
				INFOPLIST_FILE = "basic-calculator-tests/Info.plist";
				LD_RUNPATH_SEARCH_PATHS = (
					"$(inherited)",
					"@executable_path/Frameworks",
					"@loader_path/Frameworks",
				);
				PRODUCT_BUNDLE_IDENTIFIER = "zelo.basic-calculator-tests";
				PRODUCT_NAME = "$(TARGET_NAME)";
				SWIFT_VERSION = 5.0;
				TARGETED_DEVICE_FAMILY = "1,2";
				TEST_HOST = "$(BUILT_PRODUCTS_DIR)/basic-calculator.app/basic-calculator";
			};
			name = Release;
		};
		57D5564422F263A400127435 /* Debug */ = {
			isa = XCBuildConfiguration;
			buildSettings = {
				CODE_SIGN_STYLE = Automatic;
				DEVELOPMENT_TEAM = 53K75NW4TH;
				INFOPLIST_FILE = "basic-calculator-uitests/Info.plist";
				LD_RUNPATH_SEARCH_PATHS = (
					"$(inherited)",
					"@executable_path/Frameworks",
					"@loader_path/Frameworks",
				);
				PRODUCT_BUNDLE_IDENTIFIER = "zelo.basic-calculator-uitests";
				PRODUCT_NAME = "$(TARGET_NAME)";
				SWIFT_VERSION = 5.0;
				TARGETED_DEVICE_FAMILY = "1,2";
				TEST_TARGET_NAME = "basic-calculator";
			};
			name = Debug;
		};
		57D5564522F263A400127435 /* Release */ = {
			isa = XCBuildConfiguration;
			buildSettings = {
				CODE_SIGN_STYLE = Automatic;
				DEVELOPMENT_TEAM = 53K75NW4TH;
				INFOPLIST_FILE = "basic-calculator-uitests/Info.plist";
				LD_RUNPATH_SEARCH_PATHS = (
					"$(inherited)",
					"@executable_path/Frameworks",
					"@loader_path/Frameworks",
				);
				PRODUCT_BUNDLE_IDENTIFIER = "zelo.basic-calculator-uitests";
				PRODUCT_NAME = "$(TARGET_NAME)";
				SWIFT_VERSION = 5.0;
				TARGETED_DEVICE_FAMILY = "1,2";
				TEST_TARGET_NAME = "basic-calculator";
			};
			name = Release;
		};
/* End XCBuildConfiguration section */

/* Begin XCConfigurationList section */
		57013E8722A5F28E007F21F8 /* Build configuration list for PBXProject "basic-calculator" */ = {
			isa = XCConfigurationList;
			buildConfigurations = (
				57013E9C22A5F28F007F21F8 /* Debug */,
				57013E9D22A5F28F007F21F8 /* Release */,
			);
			defaultConfigurationIsVisible = 0;
			defaultConfigurationName = Release;
		};
		57013E9E22A5F28F007F21F8 /* Build configuration list for PBXNativeTarget "basic-calculator" */ = {
			isa = XCConfigurationList;
			buildConfigurations = (
				57013E9F22A5F28F007F21F8 /* Debug */,
				57013EA022A5F28F007F21F8 /* Release */,
			);
			defaultConfigurationIsVisible = 0;
			defaultConfigurationName = Release;
		};
		57421B7A22E4133500A459D3 /* Build configuration list for PBXNativeTarget "basic-calculator-tests" */ = {
			isa = XCConfigurationList;
			buildConfigurations = (
				57421B7822E4133500A459D3 /* Debug */,
				57421B7922E4133500A459D3 /* Release */,
			);
			defaultConfigurationIsVisible = 0;
			defaultConfigurationName = Release;
		};
		57D5564322F263A400127435 /* Build configuration list for PBXNativeTarget "basic-calculator-uitests" */ = {
			isa = XCConfigurationList;
			buildConfigurations = (
				57D5564422F263A400127435 /* Debug */,
				57D5564522F263A400127435 /* Release */,
			);
			defaultConfigurationIsVisible = 0;
			defaultConfigurationName = Release;
		};
/* End XCConfigurationList section */
	};
	rootObject = 57013E8422A5F28E007F21F8 /* Project object */;
}
